
Microsoft Visual Studio Solution File, Format Version 12.00
# Visual Studio Version 16
VisualStudioVersion = 16.0.30717.126
MinimumVisualStudioVersion = 10.0.40219.1
Project("{FAE04EC0-301F-11D3-BF4B-00C04F79EFBC}") = "UILayer", "SampleUIandService\UILayer.csproj", "{5072E9E5-4100-4124-AEF6-827C297BB572}"
EndProject
Project("{FAE04EC0-301F-11D3-BF4B-00C04F79EFBC}") = "ServiceLayer", "ServiceLayer\ServiceLayer.csproj", "{02C421EF-3411-4A63-81ED-E815E08FF1A1}"
EndProject
Global
	GlobalSection(SolutionConfigurationPlatforms) = preSolution
		Debug|Any CPU = Debug|Any CPU
		Release|Any CPU = Release|Any CPU
	EndGlobalSection
	GlobalSection(ProjectConfigurationPlatforms) = postSolution
		{5072E9E5-4100-4124-AEF6-827C297BB572}.Debug|Any CPU.ActiveCfg = Debug|Any CPU
		{5072E9E5-4100-4124-AEF6-827C297BB572}.Debug|Any CPU.Build.0 = Debug|Any CPU
		{5072E9E5-4100-4124-AEF6-827C297BB572}.Release|Any CPU.ActiveCfg = Release|Any CPU
		{5072E9E5-4100-4124-AEF6-827C297BB572}.Release|Any CPU.Build.0 = Release|Any CPU
		{02C421EF-3411-4A63-81ED-E815E08FF1A1}.Debug|Any CPU.ActiveCfg = Debug|Any CPU
		{02C421EF-3411-4A63-81ED-E815E08FF1A1}.Debug|Any CPU.Build.0 = Debug|Any CPU
		{02C421EF-3411-4A63-81ED-E815E08FF1A1}.Release|Any CPU.ActiveCfg = Release|Any CPU
		{02C421EF-3411-4A63-81ED-E815E08FF1A1}.Release|Any CPU.Build.0 = Release|Any CPU
	EndGlobalSection
	GlobalSection(SolutionProperties) = preSolution
		HideSolutionNode = FALSE
	EndGlobalSection
	GlobalSection(ExtensibilityGlobals) = postSolution
		SolutionGuid = {101BB474-CCD1-40AB-96E6-C883258A5C95}
	EndGlobalSection
EndGlobal
